
Microsoft Visual Studio Solution File, Format Version 12.00
# Visual Studio Version 16
VisualStudioVersion = 16.0.29806.167
MinimumVisualStudioVersion = 10.0.40219.1
Project("{FAE04EC0-301F-11D3-BF4B-00C04F79EFBC}") = "BudgetLog.DAL", "BudgetLog.DAL\BudgetLog.DAL.csproj", "{8404F1DE-98A7-4E89-BA19-099BA4BCED13}"
EndProject
Project("{FAE04EC0-301F-11D3-BF4B-00C04F79EFBC}") = "BudgetLog.BLL", "BudgetLog.BLL\BudgetLog.BLL.csproj", "{E996524A-8125-4E12-90A6-AA527734E8A1}"
EndProject
Project("{FAE04EC0-301F-11D3-BF4B-00C04F79EFBC}") = "BudgetLog.Common", "BudgetLog.Common\BudgetLog.Common.csproj", "{1A8111A2-EFE8-4711-800D-E0165ACAAF38}"
EndProject
Project("{FAE04EC0-301F-11D3-BF4B-00C04F79EFBC}") = "BudgetLog.WPF", "BudgetLog.WPF\BudgetLog.WPF.csproj", "{4A7EC87F-9D9F-4E50-9344-79313C0DA4C5}"
EndProject
Global
	GlobalSection(SolutionConfigurationPlatforms) = preSolution
		Debug|Any CPU = Debug|Any CPU
		Release|Any CPU = Release|Any CPU
	EndGlobalSection
	GlobalSection(ProjectConfigurationPlatforms) = postSolution
		{8404F1DE-98A7-4E89-BA19-099BA4BCED13}.Debug|Any CPU.ActiveCfg = Debug|Any CPU
		{8404F1DE-98A7-4E89-BA19-099BA4BCED13}.Debug|Any CPU.Build.0 = Debug|Any CPU
		{8404F1DE-98A7-4E89-BA19-099BA4BCED13}.Release|Any CPU.ActiveCfg = Release|Any CPU
		{8404F1DE-98A7-4E89-BA19-099BA4BCED13}.Release|Any CPU.Build.0 = Release|Any CPU
		{E996524A-8125-4E12-90A6-AA527734E8A1}.Debug|Any CPU.ActiveCfg = Debug|Any CPU
		{E996524A-8125-4E12-90A6-AA527734E8A1}.Debug|Any CPU.Build.0 = Debug|Any CPU
		{E996524A-8125-4E12-90A6-AA527734E8A1}.Release|Any CPU.ActiveCfg = Release|Any CPU
		{E996524A-8125-4E12-90A6-AA527734E8A1}.Release|Any CPU.Build.0 = Release|Any CPU
		{1A8111A2-EFE8-4711-800D-E0165ACAAF38}.Debug|Any CPU.ActiveCfg = Debug|Any CPU
		{1A8111A2-EFE8-4711-800D-E0165ACAAF38}.Debug|Any CPU.Build.0 = Debug|Any CPU
		{1A8111A2-EFE8-4711-800D-E0165ACAAF38}.Release|Any CPU.ActiveCfg = Release|Any CPU
		{1A8111A2-EFE8-4711-800D-E0165ACAAF38}.Release|Any CPU.Build.0 = Release|Any CPU
		{4A7EC87F-9D9F-4E50-9344-79313C0DA4C5}.Debug|Any CPU.ActiveCfg = Debug|Any CPU
		{4A7EC87F-9D9F-4E50-9344-79313C0DA4C5}.Debug|Any CPU.Build.0 = Debug|Any CPU
		{4A7EC87F-9D9F-4E50-9344-79313C0DA4C5}.Release|Any CPU.ActiveCfg = Release|Any CPU
		{4A7EC87F-9D9F-4E50-9344-79313C0DA4C5}.Release|Any CPU.Build.0 = Release|Any CPU
	EndGlobalSection
	GlobalSection(SolutionProperties) = preSolution
		HideSolutionNode = FALSE
	EndGlobalSection
	GlobalSection(ExtensibilityGlobals) = postSolution
		SolutionGuid = {EA6E48DA-AC00-42B9-94F7-DEA4C9933A09}
	EndGlobalSection
EndGlobal
